
Microsoft Visual Studio Solution File, Format Version 12.00
# Visual Studio Version 16
VisualStudioVersion = 16.0.30907.101
MinimumVisualStudioVersion = 10.0.40219.1
Project("{FAE04EC0-301F-11D3-BF4B-00C04F79EFBC}") = "123", "123\123.csproj", "{0424E428-D295-4572-B7E3-A2A4B0A3412E}"
EndProject
Global
	GlobalSection(SolutionConfigurationPlatforms) = preSolution
		Debug|Any CPU = Debug|Any CPU
		Release|Any CPU = Release|Any CPU
	EndGlobalSection
	GlobalSection(ProjectConfigurationPlatforms) = postSolution
		{0424E428-D295-4572-B7E3-A2A4B0A3412E}.Debug|Any CPU.ActiveCfg = Debug|Any CPU
		{0424E428-D295-4572-B7E3-A2A4B0A3412E}.Debug|Any CPU.Build.0 = Debug|Any CPU
		{0424E428-D295-4572-B7E3-A2A4B0A3412E}.Release|Any CPU.ActiveCfg = Release|Any CPU
		{0424E428-D295-4572-B7E3-A2A4B0A3412E}.Release|Any CPU.Build.0 = Release|Any CPU
	EndGlobalSection
	GlobalSection(SolutionProperties) = preSolution
		HideSolutionNode = FALSE
	EndGlobalSection
	GlobalSection(ExtensibilityGlobals) = postSolution
		SolutionGuid = {06CF652C-B6DF-4531-89E3-5B9AA3E045D4}
	EndGlobalSection
EndGlobal
